<Solution>
  <Folder Name="/.github/">
    <File Path="../.github/social_preview.png" />
  </Folder>
  <Folder Name="/Solution Items/">
    <File Path="../.gitignore" />
    <File Path="../EmailOtpSend.http" />
    <File Path="../LICENSE" />
    <File Path="../README.md" />
  </Folder>
  <Folder Name="/src/">
    <Project Path="Entra.EventHandlers.AzureFunctions.Sample/Entra.EventHandlers.AzureFunctions.Sample.csproj" />
  </Folder>
  <Folder Name="/tests/">
    <Project Path="../tests/Entra.EventHandlers.AzureFunctions.Sample.UnitTests/Entra.EventHandlers.AzureFunctions.Sample.UnitTests.csproj" />
  </Folder>
</Solution>
